{
    "name": "vscode-joomla-4-snippets",
    "version": "0.0.4",
    "lockfileVersion": 2,
    "requires": true,
    "packages": {
        "": {
            "name": "vscode-joomla-4-snippets",
            "version": "0.0.4",
            "hasInstallScript": true,
            "license": "MIT",
            "engines": {
                "vscode": "^1.63.0"
            }
        }
    }
}
